
Microsoft Visual Studio Solution File, Format Version 12.00
# Visual Studio 15
VisualStudioVersion = 15.0.28307.421
MinimumVisualStudioVersion = 10.0.40219.1
Project("{8BC9CEB8-8B4A-11D0-8D11-00A0C91BC942}") = "AISDElab1", "AISDElab1.vcxproj", "{BC2E32FE-2239-44CA-B0E2-1E814B113932}"
EndProject
Global
	GlobalSection(SolutionConfigurationPlatforms) = preSolution
		Debug|x64 = Debug|x64
		Debug|x86 = Debug|x86
		Release|x64 = Release|x64
		Release|x86 = Release|x86
	EndGlobalSection
	GlobalSection(ProjectConfigurationPlatforms) = postSolution
		{BC2E32FE-2239-44CA-B0E2-1E814B113932}.Debug|x64.ActiveCfg = Debug|x64
		{BC2E32FE-2239-44CA-B0E2-1E814B113932}.Debug|x64.Build.0 = Debug|x64
		{BC2E32FE-2239-44CA-B0E2-1E814B113932}.Debug|x86.ActiveCfg = Debug|Win32
		{BC2E32FE-2239-44CA-B0E2-1E814B113932}.Debug|x86.Build.0 = Debug|Win32
		{BC2E32FE-2239-44CA-B0E2-1E814B113932}.Release|x64.ActiveCfg = Release|x64
		{BC2E32FE-2239-44CA-B0E2-1E814B113932}.Release|x64.Build.0 = Release|x64
		{BC2E32FE-2239-44CA-B0E2-1E814B113932}.Release|x86.ActiveCfg = Release|Win32
		{BC2E32FE-2239-44CA-B0E2-1E814B113932}.Release|x86.Build.0 = Release|Win32
	EndGlobalSection
	GlobalSection(SolutionProperties) = preSolution
		HideSolutionNode = FALSE
	EndGlobalSection
	GlobalSection(ExtensibilityGlobals) = postSolution
		SolutionGuid = {AAAF2A8B-81A6-492E-8C3E-1973789028C2}
	EndGlobalSection
EndGlobal
